// !$*UTF8*$!
{
	archiveVersion = 1;
	classes = {
	};
	objectVersion = 46;
	objects = {

/* Begin PBXBuildFile section */
		14FEBC1E1709E77500EB34EE /* UIKit.framework in Frameworks */ = {isa = PBXBuildFile; fileRef = 14FEBC1D1709E77500EB34EE /* UIKit.framework */; };
		14FEBC201709E77500EB34EE /* Foundation.framework in Frameworks */ = {isa = PBXBuildFile; fileRef = 14FEBC1F1709E77500EB34EE /* Foundation.framework */; };
		14FEBC221709E77500EB34EE /* CoreGraphics.framework in Frameworks */ = {isa = PBXBuildFile; fileRef = 14FEBC211709E77500EB34EE /* CoreGraphics.framework */; };
		14FEBC281709E77500EB34EE /* InfoPlist.strings in Resources */ = {isa = PBXBuildFile; fileRef = 14FEBC261709E77500EB34EE /* InfoPlist.strings */; };
		14FEBC2A1709E77500EB34EE /* main.m in Sources */ = {isa = PBXBuildFile; fileRef = 14FEBC291709E77500EB34EE /* main.m */; };
		14FEBC2E1709E77500EB34EE /* AccountBookerAppDelegate.m in Sources */ = {isa = PBXBuildFile; fileRef = 14FEBC2D1709E77500EB34EE /* AccountBookerAppDelegate.m */; };
		14FEBC301709E77500EB34EE /* Default.png in Resources */ = {isa = PBXBuildFile; fileRef = 14FEBC2F1709E77500EB34EE /* Default.png */; };
		14FEBC321709E77500EB34EE /* Default@2x.png in Resources */ = {isa = PBXBuildFile; fileRef = 14FEBC311709E77500EB34EE /* Default@2x.png */; };
		14FEBC341709E77500EB34EE /* Default-568h@2x.png in Resources */ = {isa = PBXBuildFile; fileRef = 14FEBC331709E77500EB34EE /* Default-568h@2x.png */; };
		14FEBC371709E77500EB34EE /* MainStoryboard.storyboard in Resources */ = {isa = PBXBuildFile; fileRef = 14FEBC351709E77500EB34EE /* MainStoryboard.storyboard */; };
		14FEBC3A1709E77500EB34EE /* AccountBookerViewController.m in Sources */ = {isa = PBXBuildFile; fileRef = 14FEBC391709E77500EB34EE /* AccountBookerViewController.m */; };
/* End PBXBuildFile section */

/* Begin PBXFileReference section */
		14FEBC1A1709E77500EB34EE /* AccountBooker.app */ = {isa = PBXFileReference; explicitFileType = wrapper.application; includeInIndex = 0; path = AccountBooker.app; sourceTree = BUILT_PRODUCTS_DIR; };
		14FEBC1D1709E77500EB34EE /* UIKit.framework */ = {isa = PBXFileReference; lastKnownFileType = wrapper.framework; name = UIKit.framework; path = System/Library/Frameworks/UIKit.framework; sourceTree = SDKROOT; };
		14FEBC1F1709E77500EB34EE /* Foundation.framework */ = {isa = PBXFileReference; lastKnownFileType = wrapper.framework; name = Foundation.framework; path = System/Library/Frameworks/Foundation.framework; sourceTree = SDKROOT; };
		14FEBC211709E77500EB34EE /* CoreGraphics.framework */ = {isa = PBXFileReference; lastKnownFileType = wrapper.framework; name = CoreGraphics.framework; path = System/Library/Frameworks/CoreGraphics.framework; sourceTree = SDKROOT; };
		14FEBC251709E77500EB34EE /* AccountBooker-Info.plist */ = {isa = PBXFileReference; lastKnownFileType = text.plist.xml; path = "AccountBooker-Info.plist"; sourceTree = "<group>"; };
		14FEBC271709E77500EB34EE /* en */ = {isa = PBXFileReference; lastKnownFileType = text.plist.strings; name = en; path = en.lproj/InfoPlist.strings; sourceTree = "<group>"; };
		14FEBC291709E77500EB34EE /* main.m */ = {isa = PBXFileReference; lastKnownFileType = sourcecode.c.objc; path = main.m; sourceTree = "<group>"; };
		14FEBC2B1709E77500EB34EE /* AccountBooker-Prefix.pch */ = {isa = PBXFileReference; lastKnownFileType = sourcecode.c.h; path = "AccountBooker-Prefix.pch"; sourceTree = "<group>"; };
		14FEBC2C1709E77500EB34EE /* AccountBookerAppDelegate.h */ = {isa = PBXFileReference; lastKnownFileType = sourcecode.c.h; path = AccountBookerAppDelegate.h; sourceTree = "<group>"; };
		14FEBC2D1709E77500EB34EE /* AccountBookerAppDelegate.m */ = {isa = PBXFileReference; lastKnownFileType = sourcecode.c.objc; path = AccountBookerAppDelegate.m; sourceTree = "<group>"; };
		14FEBC2F1709E77500EB34EE /* Default.png */ = {isa = PBXFileReference; lastKnownFileType = image.png; path = Default.png; sourceTree = "<group>"; };
		14FEBC311709E77500EB34EE /* Default@2x.png */ = {isa = PBXFileReference; lastKnownFileType = image.png; path = "Default@2x.png"; sourceTree = "<group>"; };
		14FEBC331709E77500EB34EE /* Default-568h@2x.png */ = {isa = PBXFileReference; lastKnownFileType = image.png; path = "Default-568h@2x.png"; sourceTree = "<group>"; };
		14FEBC361709E77500EB34EE /* en */ = {isa = PBXFileReference; lastKnownFileType = file.storyboard; name = en; path = en.lproj/MainStoryboard.storyboard; sourceTree = "<group>"; };
		14FEBC381709E77500EB34EE /* AccountBookerViewController.h */ = {isa = PBXFileReference; lastKnownFileType = sourcecode.c.h; path = AccountBookerViewController.h; sourceTree = "<group>"; };
		14FEBC391709E77500EB34EE /* AccountBookerViewController.m */ = {isa = PBXFileReference; lastKnownFileType = sourcecode.c.objc; path = AccountBookerViewController.m; sourceTree = "<group>"; };
/* End PBXFileReference section */

/* Begin PBXFrameworksBuildPhase section */
		14FEBC171709E77500EB34EE /* Frameworks */ = {
			isa = PBXFrameworksBuildPhase;
			buildActionMask = 2147483647;
			files = (
				14FEBC1E1709E77500EB34EE /* UIKit.framework in Frameworks */,
				14FEBC201709E77500EB34EE /* Foundation.framework in Frameworks */,
				14FEBC221709E77500EB34EE /* CoreGraphics.framework in Frameworks */,
			);
			runOnlyForDeploymentPostprocessing = 0;
		};
/* End PBXFrameworksBuildPhase section */

/* Begin PBXGroup section */
		14FEBC111709E77500EB34EE = {
			isa = PBXGroup;
			children = (
				14FEBC231709E77500EB34EE /* AccountBooker */,
				14FEBC1C1709E77500EB34EE /* Frameworks */,
				14FEBC1B1709E77500EB34EE /* Products */,
			);
			sourceTree = "<group>";
		};
		14FEBC1B1709E77500EB34EE /* Products */ = {
			isa = PBXGroup;
			children = (
				14FEBC1A1709E77500EB34EE /* AccountBooker.app */,
			);
			name = Products;
			sourceTree = "<group>";
		};
		14FEBC1C1709E77500EB34EE /* Frameworks */ = {
			isa = PBXGroup;
			children = (
				14FEBC1D1709E77500EB34EE /* UIKit.framework */,
				14FEBC1F1709E77500EB34EE /* Foundation.framework */,
				14FEBC211709E77500EB34EE /* CoreGraphics.framework */,
			);
			name = Frameworks;
			sourceTree = "<group>";
		};
		14FEBC231709E77500EB34EE /* AccountBooker */ = {
			isa = PBXGroup;
			children = (
				14FEBC2C1709E77500EB34EE /* AccountBookerAppDelegate.h */,
				14FEBC2D1709E77500EB34EE /* AccountBookerAppDelegate.m */,
				14FEBC351709E77500EB34EE /* MainStoryboard.storyboard */,
				14FEBC381709E77500EB34EE /* AccountBookerViewController.h */,
				14FEBC391709E77500EB34EE /* AccountBookerViewController.m */,
				14FEBC241709E77500EB34EE /* Supporting Files */,
			);
			path = AccountBooker;
			sourceTree = "<group>";
		};
		14FEBC241709E77500EB34EE /* Supporting Files */ = {
			isa = PBXGroup;
			children = (
				14FEBC251709E77500EB34EE /* AccountBooker-Info.plist */,
				14FEBC261709E77500EB34EE /* InfoPlist.strings */,
				14FEBC291709E77500EB34EE /* main.m */,
				14FEBC2B1709E77500EB34EE /* AccountBooker-Prefix.pch */,
				14FEBC2F1709E77500EB34EE /* Default.png */,
				14FEBC311709E77500EB34EE /* Default@2x.png */,
				14FEBC331709E77500EB34EE /* Default-568h@2x.png */,
			);
			name = "Supporting Files";
			sourceTree = "<group>";
		};
/* End PBXGroup section */

/* Begin PBXNativeTarget section */
		14FEBC191709E77500EB34EE /* AccountBooker */ = {
			isa = PBXNativeTarget;
			buildConfigurationList = 14FEBC3D1709E77500EB34EE /* Build configuration list for PBXNativeTarget "AccountBooker" */;
			buildPhases = (
				14FEBC161709E77500EB34EE /* Sources */,
				14FEBC171709E77500EB34EE /* Frameworks */,
				14FEBC181709E77500EB34EE /* Resources */,
			);
			buildRules = (
			);
			dependencies = (
			);
			name = AccountBooker;
			productName = AccountBooker;
			productReference = 14FEBC1A1709E77500EB34EE /* AccountBooker.app */;
			productType = "com.apple.product-type.application";
		};
/* End PBXNativeTarget section */

/* Begin PBXProject section */
		14FEBC121709E77500EB34EE /* Project object */ = {
			isa = PBXProject;
			attributes = {
				CLASSPREFIX = AccountBooker;
				LastUpgradeCheck = 0460;
				ORGANIZATIONNAME = Elvis;
			};
			buildConfigurationList = 14FEBC151709E77500EB34EE /* Build configuration list for PBXProject "AccountBooker" */;
			compatibilityVersion = "Xcode 3.2";
			developmentRegion = English;
			hasScannedForEncodings = 0;
			knownRegions = (
				en,
			);
			mainGroup = 14FEBC111709E77500EB34EE;
			productRefGroup = 14FEBC1B1709E77500EB34EE /* Products */;
			projectDirPath = "";
			projectRoot = "";
			targets = (
				14FEBC191709E77500EB34EE /* AccountBooker */,
			);
		};
/* End PBXProject section */

/* Begin PBXResourcesBuildPhase section */
		14FEBC181709E77500EB34EE /* Resources */ = {
			isa = PBXResourcesBuildPhase;
			buildActionMask = 2147483647;
			files = (
				14FEBC281709E77500EB34EE /* InfoPlist.strings in Resources */,
				14FEBC301709E77500EB34EE /* Default.png in Resources */,
				14FEBC321709E77500EB34EE /* Default@2x.png in Resources */,
				14FEBC341709E77500EB34EE /* Default-568h@2x.png in Resources */,
				14FEBC371709E77500EB34EE /* MainStoryboard.storyboard in Resources */,
			);
			runOnlyForDeploymentPostprocessing = 0;
		};
/* End PBXResourcesBuildPhase section */

/* Begin PBXSourcesBuildPhase section */
		14FEBC161709E77500EB34EE /* Sources */ = {
			isa = PBXSourcesBuildPhase;
			buildActionMask = 2147483647;
			files = (
				14FEBC2A1709E77500EB34EE /* main.m in Sources */,
				14FEBC2E1709E77500EB34EE /* AccountBookerAppDelegate.m in Sources */,
				14FEBC3A1709E77500EB34EE /* AccountBookerViewController.m in Sources */,
			);
			runOnlyForDeploymentPostprocessing = 0;
		};
/* End PBXSourcesBuildPhase section */

/* Begin PBXVariantGroup section */
		14FEBC261709E77500EB34EE /* InfoPlist.strings */ = {
			isa = PBXVariantGroup;
			children = (
				14FEBC271709E77500EB34EE /* en */,
			);
			name = InfoPlist.strings;
			sourceTree = "<group>";
		};
		14FEBC351709E77500EB34EE /* MainStoryboard.storyboard */ = {
			isa = PBXVariantGroup;
			children = (
				14FEBC361709E77500EB34EE /* en */,
			);
			name = MainStoryboard.storyboard;
			sourceTree = "<group>";
		};
/* End PBXVariantGroup section */

/* Begin XCBuildConfiguration section */
		14FEBC3B1709E77500EB34EE /* Debug */ = {
			isa = XCBuildConfiguration;
			buildSettings = {
				ALWAYS_SEARCH_USER_PATHS = NO;
				CLANG_CXX_LANGUAGE_STANDARD = "gnu++0x";
				CLANG_CXX_LIBRARY = "libc++";
				CLANG_ENABLE_OBJC_ARC = YES;
				CLANG_WARN_CONSTANT_CONVERSION = YES;
				CLANG_WARN_EMPTY_BODY = YES;
				CLANG_WARN_ENUM_CONVERSION = YES;
				CLANG_WARN_INT_CONVERSION = YES;
				CLANG_WARN__DUPLICATE_METHOD_MATCH = YES;
				"CODE_SIGN_IDENTITY[sdk=iphoneos*]" = "iPhone Developer";
				COPY_PHASE_STRIP = NO;
				GCC_C_LANGUAGE_STANDARD = gnu99;
				GCC_DYNAMIC_NO_PIC = NO;
				GCC_OPTIMIZATION_LEVEL = 0;
				GCC_PREPROCESSOR_DEFINITIONS = (
					"DEBUG=1",
					"$(inherited)",
				);
				GCC_SYMBOLS_PRIVATE_EXTERN = NO;
				GCC_WARN_ABOUT_RETURN_TYPE = YES;
				GCC_WARN_UNINITIALIZED_AUTOS = YES;
				GCC_WARN_UNUSED_VARIABLE = YES;
				IPHONEOS_DEPLOYMENT_TARGET = 6.1;
				ONLY_ACTIVE_ARCH = YES;
				SDKROOT = iphoneos;
			};
			name = Debug;
		};
		14FEBC3C1709E77500EB34EE /* Release */ = {
			isa = XCBuildConfiguration;
			buildSettings = {
				ALWAYS_SEARCH_USER_PATHS = NO;
				CLANG_CXX_LANGUAGE_STANDARD = "gnu++0x";
				CLANG_CXX_LIBRARY = "libc++";
				CLANG_ENABLE_OBJC_ARC = YES;
				CLANG_WARN_CONSTANT_CONVERSION = YES;
				CLANG_WARN_EMPTY_BODY = YES;
				CLANG_WARN_ENUM_CONVERSION = YES;
				CLANG_WARN_INT_CONVERSION = YES;
				CLANG_WARN__DUPLICATE_METHOD_MATCH = YES;
				"CODE_SIGN_IDENTITY[sdk=iphoneos*]" = "iPhone Developer";
				COPY_PHASE_STRIP = YES;
				GCC_C_LANGUAGE_STANDARD = gnu99;
				GCC_WARN_ABOUT_RETURN_TYPE = YES;
				GCC_WARN_UNINITIALIZED_AUTOS = YES;
				GCC_WARN_UNUSED_VARIABLE = YES;
				IPHONEOS_DEPLOYMENT_TARGET = 6.1;
				OTHER_CFLAGS = "-DNS_BLOCK_ASSERTIONS=1";
				SDKROOT = iphoneos;
				VALIDATE_PRODUCT = YES;
			};
			name = Release;
		};
		14FEBC3E1709E77500EB34EE /* Debug */ = {
			isa = XCBuildConfiguration;
			buildSettings = {
				GCC_PRECOMPILE_PREFIX_HEADER = YES;
				GCC_PREFIX_HEADER = "AccountBooker/AccountBooker-Prefix.pch";
				INFOPLIST_FILE = "AccountBooker/AccountBooker-Info.plist";
				PRODUCT_NAME = "$(TARGET_NAME)";
				WRAPPER_EXTENSION = app;
			};
			name = Debug;
		};
		14FEBC3F1709E77500EB34EE /* Release */ = {
			isa = XCBuildConfiguration;
			buildSettings = {
				GCC_PRECOMPILE_PREFIX_HEADER = YES;
				GCC_PREFIX_HEADER = "AccountBooker/AccountBooker-Prefix.pch";
				INFOPLIST_FILE = "AccountBooker/AccountBooker-Info.plist";
				PRODUCT_NAME = "$(TARGET_NAME)";
				WRAPPER_EXTENSION = app;
			};
			name = Release;
		};
/* End XCBuildConfiguration section */

/* Begin XCConfigurationList section */
		14FEBC151709E77500EB34EE /* Build configuration list for PBXProject "AccountBooker" */ = {
			isa = XCConfigurationList;
			buildConfigurations = (
				14FEBC3B1709E77500EB34EE /* Debug */,
				14FEBC3C1709E77500EB34EE /* Release */,
			);
			defaultConfigurationIsVisible = 0;
			defaultConfigurationName = Release;
		};
		14FEBC3D1709E77500EB34EE /* Build configuration list for PBXNativeTarget "AccountBooker" */ = {
			isa = XCConfigurationList;
			buildConfigurations = (
				14FEBC3E1709E77500EB34EE /* Debug */,
				14FEBC3F1709E77500EB34EE /* Release */,
			);
			defaultConfigurationIsVisible = 0;
		};
/* End XCConfigurationList section */
	};
	rootObject = 14FEBC121709E77500EB34EE /* Project object */;
}
